// !$*UTF8*$!
{
	archiveVersion = 1;
	classes = {
	};
	objectVersion = 50;
	objects = {

/* Begin PBXBuildFile section */
		1BEA485B24D8A36B00CA992E /* AppDelegate.swift in Sources */ = {isa = PBXBuildFile; fileRef = 1BEA485A24D8A36B00CA992E /* AppDelegate.swift */; };
		1BEA485D24D8A36B00CA992E /* SceneDelegate.swift in Sources */ = {isa = PBXBuildFile; fileRef = 1BEA485C24D8A36B00CA992E /* SceneDelegate.swift */; };
		1BEA485F24D8A36B00CA992E /* ContentView.swift in Sources */ = {isa = PBXBuildFile; fileRef = 1BEA485E24D8A36B00CA992E /* ContentView.swift */; };
		1BEA486124D8A36D00CA992E /* Assets.xcassets in Resources */ = {isa = PBXBuildFile; fileRef = 1BEA486024D8A36D00CA992E /* Assets.xcassets */; };
		1BEA486424D8A36D00CA992E /* Preview Assets.xcassets in Resources */ = {isa = PBXBuildFile; fileRef = 1BEA486324D8A36D00CA992E /* Preview Assets.xcassets */; };
		1BEA486724D8A36D00CA992E /* LaunchScreen.storyboard in Resources */ = {isa = PBXBuildFile; fileRef = 1BEA486524D8A36D00CA992E /* LaunchScreen.storyboard */; };
		1BEA487324D8A42700CA992E /* Person.swift in Sources */ = {isa = PBXBuildFile; fileRef = 1BEA487224D8A42700CA992E /* Person.swift */; };
		1BEA487524D8A44B00CA992E /* DataManager.swift in Sources */ = {isa = PBXBuildFile; fileRef = 1BEA487424D8A44B00CA992E /* DataManager.swift */; };
		1BEA487724D8A67200CA992E /* Contacts.swift in Sources */ = {isa = PBXBuildFile; fileRef = 1BEA487624D8A67200CA992E /* Contacts.swift */; };
		1BEA487924D8A71E00CA992E /* ListContacts.swift in Sources */ = {isa = PBXBuildFile; fileRef = 1BEA487824D8A71E00CA992E /* ListContacts.swift */; };
		1BEA487B24D8AB3100CA992E /* DescriptionContact.swift in Sources */ = {isa = PBXBuildFile; fileRef = 1BEA487A24D8AB3100CA992E /* DescriptionContact.swift */; };
/* End PBXBuildFile section */

/* Begin PBXFileReference section */
		1BEA485724D8A36B00CA992E /* ContactsUI.app */ = {isa = PBXFileReference; explicitFileType = wrapper.application; includeInIndex = 0; path = ContactsUI.app; sourceTree = BUILT_PRODUCTS_DIR; };
		1BEA485A24D8A36B00CA992E /* AppDelegate.swift */ = {isa = PBXFileReference; lastKnownFileType = sourcecode.swift; path = AppDelegate.swift; sourceTree = "<group>"; };
		1BEA485C24D8A36B00CA992E /* SceneDelegate.swift */ = {isa = PBXFileReference; lastKnownFileType = sourcecode.swift; path = SceneDelegate.swift; sourceTree = "<group>"; };
		1BEA485E24D8A36B00CA992E /* ContentView.swift */ = {isa = PBXFileReference; lastKnownFileType = sourcecode.swift; path = ContentView.swift; sourceTree = "<group>"; };
		1BEA486024D8A36D00CA992E /* Assets.xcassets */ = {isa = PBXFileReference; lastKnownFileType = folder.assetcatalog; path = Assets.xcassets; sourceTree = "<group>"; };
		1BEA486324D8A36D00CA992E /* Preview Assets.xcassets */ = {isa = PBXFileReference; lastKnownFileType = folder.assetcatalog; path = "Preview Assets.xcassets"; sourceTree = "<group>"; };
		1BEA486624D8A36D00CA992E /* Base */ = {isa = PBXFileReference; lastKnownFileType = file.storyboard; name = Base; path = Base.lproj/LaunchScreen.storyboard; sourceTree = "<group>"; };
		1BEA486824D8A36D00CA992E /* Info.plist */ = {isa = PBXFileReference; lastKnownFileType = text.plist.xml; path = Info.plist; sourceTree = "<group>"; };
		1BEA487224D8A42700CA992E /* Person.swift */ = {isa = PBXFileReference; lastKnownFileType = sourcecode.swift; path = Person.swift; sourceTree = "<group>"; };
		1BEA487424D8A44B00CA992E /* DataManager.swift */ = {isa = PBXFileReference; lastKnownFileType = sourcecode.swift; path = DataManager.swift; sourceTree = "<group>"; };
		1BEA487624D8A67200CA992E /* Contacts.swift */ = {isa = PBXFileReference; lastKnownFileType = sourcecode.swift; path = Contacts.swift; sourceTree = "<group>"; };
		1BEA487824D8A71E00CA992E /* ListContacts.swift */ = {isa = PBXFileReference; lastKnownFileType = sourcecode.swift; path = ListContacts.swift; sourceTree = "<group>"; };
		1BEA487A24D8AB3100CA992E /* DescriptionContact.swift */ = {isa = PBXFileReference; lastKnownFileType = sourcecode.swift; path = DescriptionContact.swift; sourceTree = "<group>"; };
/* End PBXFileReference section */

/* Begin PBXFrameworksBuildPhase section */
		1BEA485424D8A36B00CA992E /* Frameworks */ = {
			isa = PBXFrameworksBuildPhase;
			buildActionMask = 2147483647;
			files = (
			);
			runOnlyForDeploymentPostprocessing = 0;
		};
/* End PBXFrameworksBuildPhase section */

/* Begin PBXGroup section */
		1BEA484E24D8A36B00CA992E = {
			isa = PBXGroup;
			children = (
				1BEA485924D8A36B00CA992E /* ContactsUI */,
				1BEA485824D8A36B00CA992E /* Products */,
			);
			sourceTree = "<group>";
		};
		1BEA485824D8A36B00CA992E /* Products */ = {
			isa = PBXGroup;
			children = (
				1BEA485724D8A36B00CA992E /* ContactsUI.app */,
			);
			name = Products;
			sourceTree = "<group>";
		};
		1BEA485924D8A36B00CA992E /* ContactsUI */ = {
			isa = PBXGroup;
			children = (
				1BEA487124D8A3E300CA992E /* Services */,
				1BEA485E24D8A36B00CA992E /* ContentView.swift */,
				1BEA487624D8A67200CA992E /* Contacts.swift */,
				1BEA487A24D8AB3100CA992E /* DescriptionContact.swift */,
				1BEA487824D8A71E00CA992E /* ListContacts.swift */,
				1BEA486E24D8A38B00CA992E /* Source */,
				1BEA486F24D8A39A00CA992E /* Storyboard */,
				1BEA486224D8A36D00CA992E /* Preview Content */,
				1BEA487024D8A3AA00CA992E /* OtherFiles */,
			);
			path = ContactsUI;
			sourceTree = "<group>";
		};
		1BEA486224D8A36D00CA992E /* Preview Content */ = {
			isa = PBXGroup;
			children = (
				1BEA486324D8A36D00CA992E /* Preview Assets.xcassets */,
			);
			path = "Preview Content";
			sourceTree = "<group>";
		};
		1BEA486E24D8A38B00CA992E /* Source */ = {
			isa = PBXGroup;
			children = (
				1BEA486024D8A36D00CA992E /* Assets.xcassets */,
			);
			path = Source;
			sourceTree = "<group>";
		};
		1BEA486F24D8A39A00CA992E /* Storyboard */ = {
			isa = PBXGroup;
			children = (
				1BEA486524D8A36D00CA992E /* LaunchScreen.storyboard */,
			);
			path = Storyboard;
			sourceTree = "<group>";
		};
		1BEA487024D8A3AA00CA992E /* OtherFiles */ = {
			isa = PBXGroup;
			children = (
				1BEA485A24D8A36B00CA992E /* AppDelegate.swift */,
				1BEA485C24D8A36B00CA992E /* SceneDelegate.swift */,
				1BEA486824D8A36D00CA992E /* Info.plist */,
			);
			path = OtherFiles;
			sourceTree = "<group>";
		};
		1BEA487124D8A3E300CA992E /* Services */ = {
			isa = PBXGroup;
			children = (
				1BEA487224D8A42700CA992E /* Person.swift */,
				1BEA487424D8A44B00CA992E /* DataManager.swift */,
			);
			path = Services;
			sourceTree = "<group>";
		};
/* End PBXGroup section */

/* Begin PBXNativeTarget section */
		1BEA485624D8A36B00CA992E /* ContactsUI */ = {
			isa = PBXNativeTarget;
			buildConfigurationList = 1BEA486B24D8A36D00CA992E /* Build configuration list for PBXNativeTarget "ContactsUI" */;
			buildPhases = (
				1BEA485324D8A36B00CA992E /* Sources */,
				1BEA485424D8A36B00CA992E /* Frameworks */,
				1BEA485524D8A36B00CA992E /* Resources */,
			);
			buildRules = (
			);
			dependencies = (
			);
			name = ContactsUI;
			productName = ContactsUI;
			productReference = 1BEA485724D8A36B00CA992E /* ContactsUI.app */;
			productType = "com.apple.product-type.application";
		};
/* End PBXNativeTarget section */

/* Begin PBXProject section */
		1BEA484F24D8A36B00CA992E /* Project object */ = {
			isa = PBXProject;
			attributes = {
				LastSwiftUpdateCheck = 1160;
				LastUpgradeCheck = 1160;
				ORGANIZATIONNAME = "Vitalii Sosin";
				TargetAttributes = {
					1BEA485624D8A36B00CA992E = {
						CreatedOnToolsVersion = 11.6;
					};
				};
			};
			buildConfigurationList = 1BEA485224D8A36B00CA992E /* Build configuration list for PBXProject "ContactsUI" */;
			compatibilityVersion = "Xcode 9.3";
			developmentRegion = en;
			hasScannedForEncodings = 0;
			knownRegions = (
				en,
				Base,
			);
			mainGroup = 1BEA484E24D8A36B00CA992E;
			productRefGroup = 1BEA485824D8A36B00CA992E /* Products */;
			projectDirPath = "";
			projectRoot = "";
			targets = (
				1BEA485624D8A36B00CA992E /* ContactsUI */,
			);
		};
/* End PBXProject section */

/* Begin PBXResourcesBuildPhase section */
		1BEA485524D8A36B00CA992E /* Resources */ = {
			isa = PBXResourcesBuildPhase;
			buildActionMask = 2147483647;
			files = (
				1BEA486724D8A36D00CA992E /* LaunchScreen.storyboard in Resources */,
				1BEA486424D8A36D00CA992E /* Preview Assets.xcassets in Resources */,
				1BEA486124D8A36D00CA992E /* Assets.xcassets in Resources */,
			);
			runOnlyForDeploymentPostprocessing = 0;
		};
/* End PBXResourcesBuildPhase section */

/* Begin PBXSourcesBuildPhase section */
		1BEA485324D8A36B00CA992E /* Sources */ = {
			isa = PBXSourcesBuildPhase;
			buildActionMask = 2147483647;
			files = (
				1BEA485B24D8A36B00CA992E /* AppDelegate.swift in Sources */,
				1BEA487524D8A44B00CA992E /* DataManager.swift in Sources */,
				1BEA487724D8A67200CA992E /* Contacts.swift in Sources */,
				1BEA487B24D8AB3100CA992E /* DescriptionContact.swift in Sources */,
				1BEA487924D8A71E00CA992E /* ListContacts.swift in Sources */,
				1BEA485D24D8A36B00CA992E /* SceneDelegate.swift in Sources */,
				1BEA487324D8A42700CA992E /* Person.swift in Sources */,
				1BEA485F24D8A36B00CA992E /* ContentView.swift in Sources */,
			);
			runOnlyForDeploymentPostprocessing = 0;
		};
/* End PBXSourcesBuildPhase section */

/* Begin PBXVariantGroup section */
		1BEA486524D8A36D00CA992E /* LaunchScreen.storyboard */ = {
			isa = PBXVariantGroup;
			children = (
				1BEA486624D8A36D00CA992E /* Base */,
			);
			name = LaunchScreen.storyboard;
			sourceTree = "<group>";
		};
/* End PBXVariantGroup section */

/* Begin XCBuildConfiguration section */
		1BEA486924D8A36D00CA992E /* Debug */ = {
			isa = XCBuildConfiguration;
			buildSettings = {
				ALWAYS_SEARCH_USER_PATHS = NO;
				CLANG_ANALYZER_NONNULL = YES;
				CLANG_ANALYZER_NUMBER_OBJECT_CONVERSION = YES_AGGRESSIVE;
				CLANG_CXX_LANGUAGE_STANDARD = "gnu++14";
				CLANG_CXX_LIBRARY = "libc++";
				CLANG_ENABLE_MODULES = YES;
				CLANG_ENABLE_OBJC_ARC = YES;
				CLANG_ENABLE_OBJC_WEAK = YES;
				CLANG_WARN_BLOCK_CAPTURE_AUTORELEASING = YES;
				CLANG_WARN_BOOL_CONVERSION = YES;
				CLANG_WARN_COMMA = YES;
				CLANG_WARN_CONSTANT_CONVERSION = YES;
				CLANG_WARN_DEPRECATED_OBJC_IMPLEMENTATIONS = YES;
				CLANG_WARN_DIRECT_OBJC_ISA_USAGE = YES_ERROR;
				CLANG_WARN_DOCUMENTATION_COMMENTS = YES;
				CLANG_WARN_EMPTY_BODY = YES;
				CLANG_WARN_ENUM_CONVERSION = YES;
				CLANG_WARN_INFINITE_RECURSION = YES;
				CLANG_WARN_INT_CONVERSION = YES;
				CLANG_WARN_NON_LITERAL_NULL_CONVERSION = YES;
				CLANG_WARN_OBJC_IMPLICIT_RETAIN_SELF = YES;
				CLANG_WARN_OBJC_LITERAL_CONVERSION = YES;
				CLANG_WARN_OBJC_ROOT_CLASS = YES_ERROR;
				CLANG_WARN_RANGE_LOOP_ANALYSIS = YES;
				CLANG_WARN_STRICT_PROTOTYPES = YES;
				CLANG_WARN_SUSPICIOUS_MOVE = YES;
				CLANG_WARN_UNGUARDED_AVAILABILITY = YES_AGGRESSIVE;
				CLANG_WARN_UNREACHABLE_CODE = YES;
				CLANG_WARN__DUPLICATE_METHOD_MATCH = YES;
				COPY_PHASE_STRIP = NO;
				DEBUG_INFORMATION_FORMAT = dwarf;
				ENABLE_STRICT_OBJC_MSGSEND = YES;
				ENABLE_TESTABILITY = YES;
				GCC_C_LANGUAGE_STANDARD = gnu11;
				GCC_DYNAMIC_NO_PIC = NO;
				GCC_NO_COMMON_BLOCKS = YES;
				GCC_OPTIMIZATION_LEVEL = 0;
				GCC_PREPROCESSOR_DEFINITIONS = (
					"DEBUG=1",
					"$(inherited)",
				);
				GCC_WARN_64_TO_32_BIT_CONVERSION = YES;
				GCC_WARN_ABOUT_RETURN_TYPE = YES_ERROR;
				GCC_WARN_UNDECLARED_SELECTOR = YES;
				GCC_WARN_UNINITIALIZED_AUTOS = YES_AGGRESSIVE;
				GCC_WARN_UNUSED_FUNCTION = YES;
				GCC_WARN_UNUSED_VARIABLE = YES;
				IPHONEOS_DEPLOYMENT_TARGET = 13.6;
				MTL_ENABLE_DEBUG_INFO = INCLUDE_SOURCE;
				MTL_FAST_MATH = YES;
				ONLY_ACTIVE_ARCH = YES;
				SDKROOT = iphoneos;
				SWIFT_ACTIVE_COMPILATION_CONDITIONS = DEBUG;
				SWIFT_OPTIMIZATION_LEVEL = "-Onone";
			};
			name = Debug;
		};
		1BEA486A24D8A36D00CA992E /* Release */ = {
			isa = XCBuildConfiguration;
			buildSettings = {
				ALWAYS_SEARCH_USER_PATHS = NO;
				CLANG_ANALYZER_NONNULL = YES;
				CLANG_ANALYZER_NUMBER_OBJECT_CONVERSION = YES_AGGRESSIVE;
				CLANG_CXX_LANGUAGE_STANDARD = "gnu++14";
				CLANG_CXX_LIBRARY = "libc++";
				CLANG_ENABLE_MODULES = YES;
				CLANG_ENABLE_OBJC_ARC = YES;
				CLANG_ENABLE_OBJC_WEAK = YES;
				CLANG_WARN_BLOCK_CAPTURE_AUTORELEASING = YES;
				CLANG_WARN_BOOL_CONVERSION = YES;
				CLANG_WARN_COMMA = YES;
				CLANG_WARN_CONSTANT_CONVERSION = YES;
				CLANG_WARN_DEPRECATED_OBJC_IMPLEMENTATIONS = YES;
				CLANG_WARN_DIRECT_OBJC_ISA_USAGE = YES_ERROR;
				CLANG_WARN_DOCUMENTATION_COMMENTS = YES;
				CLANG_WARN_EMPTY_BODY = YES;
				CLANG_WARN_ENUM_CONVERSION = YES;
				CLANG_WARN_INFINITE_RECURSION = YES;
				CLANG_WARN_INT_CONVERSION = YES;
				CLANG_WARN_NON_LITERAL_NULL_CONVERSION = YES;
				CLANG_WARN_OBJC_IMPLICIT_RETAIN_SELF = YES;
				CLANG_WARN_OBJC_LITERAL_CONVERSION = YES;
				CLANG_WARN_OBJC_ROOT_CLASS = YES_ERROR;
				CLANG_WARN_RANGE_LOOP_ANALYSIS = YES;
				CLANG_WARN_STRICT_PROTOTYPES = YES;
				CLANG_WARN_SUSPICIOUS_MOVE = YES;
				CLANG_WARN_UNGUARDED_AVAILABILITY = YES_AGGRESSIVE;
				CLANG_WARN_UNREACHABLE_CODE = YES;
				CLANG_WARN__DUPLICATE_METHOD_MATCH = YES;
				COPY_PHASE_STRIP = NO;
				DEBUG_INFORMATION_FORMAT = "dwarf-with-dsym";
				ENABLE_NS_ASSERTIONS = NO;
				ENABLE_STRICT_OBJC_MSGSEND = YES;
				GCC_C_LANGUAGE_STANDARD = gnu11;
				GCC_NO_COMMON_BLOCKS = YES;
				GCC_WARN_64_TO_32_BIT_CONVERSION = YES;
				GCC_WARN_ABOUT_RETURN_TYPE = YES_ERROR;
				GCC_WARN_UNDECLARED_SELECTOR = YES;
				GCC_WARN_UNINITIALIZED_AUTOS = YES_AGGRESSIVE;
				GCC_WARN_UNUSED_FUNCTION = YES;
				GCC_WARN_UNUSED_VARIABLE = YES;
				IPHONEOS_DEPLOYMENT_TARGET = 13.6;
				MTL_ENABLE_DEBUG_INFO = NO;
				MTL_FAST_MATH = YES;
				SDKROOT = iphoneos;
				SWIFT_COMPILATION_MODE = wholemodule;
				SWIFT_OPTIMIZATION_LEVEL = "-O";
				VALIDATE_PRODUCT = YES;
			};
			name = Release;
		};
		1BEA486C24D8A36D00CA992E /* Debug */ = {
			isa = XCBuildConfiguration;
			buildSettings = {
				ASSETCATALOG_COMPILER_APPICON_NAME = AppIcon;
				CODE_SIGN_STYLE = Automatic;
				DEVELOPMENT_ASSET_PATHS = "\"ContactsUI/Preview Content\"";
				DEVELOPMENT_TEAM = 34VDSPZYU9;
				ENABLE_PREVIEWS = YES;
				INFOPLIST_FILE = "$(SRCROOT)/ContactsUI/OtherFiles/Info.plist";
				LD_RUNPATH_SEARCH_PATHS = (
					"$(inherited)",
					"@executable_path/Frameworks",
				);
				PRODUCT_BUNDLE_IDENTIFIER = "Vitalii-Sosin.ContactsUI";
				PRODUCT_NAME = "$(TARGET_NAME)";
				SWIFT_VERSION = 5.0;
				TARGETED_DEVICE_FAMILY = "1,2";
			};
			name = Debug;
		};
		1BEA486D24D8A36D00CA992E /* Release */ = {
			isa = XCBuildConfiguration;
			buildSettings = {
				ASSETCATALOG_COMPILER_APPICON_NAME = AppIcon;
				CODE_SIGN_STYLE = Automatic;
				DEVELOPMENT_ASSET_PATHS = "\"ContactsUI/Preview Content\"";
				DEVELOPMENT_TEAM = 34VDSPZYU9;
				ENABLE_PREVIEWS = YES;
				INFOPLIST_FILE = "$(SRCROOT)/ContactsUI/OtherFiles/Info.plist";
				LD_RUNPATH_SEARCH_PATHS = (
					"$(inherited)",
					"@executable_path/Frameworks",
				);
				PRODUCT_BUNDLE_IDENTIFIER = "Vitalii-Sosin.ContactsUI";
				PRODUCT_NAME = "$(TARGET_NAME)";
				SWIFT_VERSION = 5.0;
				TARGETED_DEVICE_FAMILY = "1,2";
			};
			name = Release;
		};
/* End XCBuildConfiguration section */

/* Begin XCConfigurationList section */
		1BEA485224D8A36B00CA992E /* Build configuration list for PBXProject "ContactsUI" */ = {
			isa = XCConfigurationList;
			buildConfigurations = (
				1BEA486924D8A36D00CA992E /* Debug */,
				1BEA486A24D8A36D00CA992E /* Release */,
			);
			defaultConfigurationIsVisible = 0;
			defaultConfigurationName = Release;
		};
		1BEA486B24D8A36D00CA992E /* Build configuration list for PBXNativeTarget "ContactsUI" */ = {
			isa = XCConfigurationList;
			buildConfigurations = (
				1BEA486C24D8A36D00CA992E /* Debug */,
				1BEA486D24D8A36D00CA992E /* Release */,
			);
			defaultConfigurationIsVisible = 0;
			defaultConfigurationName = Release;
		};
/* End XCConfigurationList section */
	};
	rootObject = 1BEA484F24D8A36B00CA992E /* Project object */;
}
